
Microsoft Visual Studio Solution File, Format Version 12.00
# Visual Studio Version 16
VisualStudioVersion = 16.0.33927.289
MinimumVisualStudioVersion = 10.0.40219.1
Project("{2150E333-8FDC-42A3-9474-1A3956D46DE8}") = "Task0", "Task0", "{1700D4CA-D02A-475B-860D-B7FC4DF4FF45}"
EndProject
Project("{FAE04EC0-301F-11D3-BF4B-00C04F79EFBC}") = "Tyuiu.IvashkinaKE.Sprint4.Task0.V5", "Tyuiu.IvashkinaKE.Sprint4.Task0.V5\Tyuiu.IvashkinaKE.Sprint4.Task0.V5.csproj", "{BFEB7DA3-2C2C-4F73-90CD-171A2DDCC22B}"
EndProject
Project("{FAE04EC0-301F-11D3-BF4B-00C04F79EFBC}") = "Tyuiu.IvashkinaKE.Sprint4.Task0.V5.Lib", "Tyuiu.IvashkinaKE.Sprint4.Task0.V5.Lib\Tyuiu.IvashkinaKE.Sprint4.Task0.V5.Lib.csproj", "{783EA2F2-AD7C-4254-8039-68137D19BA2E}"
EndProject
Project("{FAE04EC0-301F-11D3-BF4B-00C04F79EFBC}") = "Tyuiu.IvashkinaKE.Sprint4.Task0.V5.Test", "Tyuiu.IvashkinaKE.Sprint4.Task0.V5.Test\Tyuiu.IvashkinaKE.Sprint4.Task0.V5.Test.csproj", "{9FFB261C-C418-4CDF-B183-A6CF2920CCB6}"
EndProject
Project("{2150E333-8FDC-42A3-9474-1A3956D46DE8}") = "Task1", "Task1", "{7C8C088C-CF19-4856-B6EF-F14FD4BED44E}"
EndProject
Project("{FAE04EC0-301F-11D3-BF4B-00C04F79EFBC}") = "Tyuiu.IvashkinaKE.Sprint4.Task1.V24", "Tyuiu.IvashkinaKE.Sprint4.Task1.V24\Tyuiu.IvashkinaKE.Sprint4.Task1.V24.csproj", "{1A19BC7B-FAC0-4088-8864-6AEBC3D8C09B}"
EndProject
Project("{FAE04EC0-301F-11D3-BF4B-00C04F79EFBC}") = "Tyuiu.IvashkinaKE.Sprint4.Task1.V24.Lib", "Tyuiu.IvashkinaKE.Sprint4.Task1.V24.Lib\Tyuiu.IvashkinaKE.Sprint4.Task1.V24.Lib.csproj", "{263127E4-B3E6-4027-93EC-CECBFCC77431}"
EndProject
Project("{FAE04EC0-301F-11D3-BF4B-00C04F79EFBC}") = "Tyuiu.IvashkinaKE.Sprint4.Task1.V24.Test", "Tyuiu.IvashkinaKE.Sprint4.Task1.V24.Test\Tyuiu.IvashkinaKE.Sprint4.Task1.V24.Test.csproj", "{EA023816-3CAF-4A4C-A5D3-02C9FD30D429}"
EndProject
Project("{2150E333-8FDC-42A3-9474-1A3956D46DE8}") = "Task2", "Task2", "{08F26E38-F39C-4572-B0B9-71A80FF1B395}"
EndProject
Project("{FAE04EC0-301F-11D3-BF4B-00C04F79EFBC}") = "Tyuiu.IvashkinaKE.Sprint4.Task2.V10", "Tyuiu.IvashkinaKE.Sprint4.Task2.V10\Tyuiu.IvashkinaKE.Sprint4.Task2.V10.csproj", "{529D8188-50DF-4B54-A8CC-E4917FD0A813}"
EndProject
Project("{FAE04EC0-301F-11D3-BF4B-00C04F79EFBC}") = "Tyuiu.IvashkinaKE.Sprint4.Task2.V10.Lib", "Tyuiu.IvashkinaKE.Sprint4.Task2.V10.Lib\Tyuiu.IvashkinaKE.Sprint4.Task2.V10.Lib.csproj", "{84D86F5A-21F4-4158-BF94-C7E17A70885E}"
EndProject
Project("{FAE04EC0-301F-11D3-BF4B-00C04F79EFBC}") = "Tyuiu.IvashkinaKE.Sprint4.Task2.V10.Test", "Tyuiu.IvashkinaKE.Sprint4.Task2.V10.Test\Tyuiu.IvashkinaKE.Sprint4.Task2.V10.Test.csproj", "{3526751F-95F9-4F56-9346-EF86A21EDDAF}"
EndProject
Project("{2150E333-8FDC-42A3-9474-1A3956D46DE8}") = "Task3", "Task3", "{620937A8-BE1B-4D38-9E6B-F22C7E468429}"
EndProject
Project("{FAE04EC0-301F-11D3-BF4B-00C04F79EFBC}") = "Tyuiu.IvashkinaKE.Sprint4.Task3.V21", "Tyuiu.IvashkinaKE.Sprint4.Task3.V21\Tyuiu.IvashkinaKE.Sprint4.Task3.V21.csproj", "{8A6C2F1C-8E74-47B3-8328-58A8E4903A94}"
EndProject
Project("{FAE04EC0-301F-11D3-BF4B-00C04F79EFBC}") = "Tyuiu.IvashkinaKE.Sprint4.Task3.V21.Lib", "Tyuiu.IvashkinaKE.Sprint4.Task3.V21.Lib\Tyuiu.IvashkinaKE.Sprint4.Task3.V21.Lib.csproj", "{427572B1-68D9-4BEC-AAFF-CC8412CDED57}"
EndProject
Project("{FAE04EC0-301F-11D3-BF4B-00C04F79EFBC}") = "Tyuiu.IvashkinaKE.Sprint4.Task3.V21.Test", "Tyuiu.IvashkinaKE.Sprint4.Task3.V21.Test\Tyuiu.IvashkinaKE.Sprint4.Task3.V21.Test.csproj", "{7A322115-2AEE-47F5-980B-13B53DADFAF8}"
EndProject
Project("{2150E333-8FDC-42A3-9474-1A3956D46DE8}") = "Task4", "Task4", "{7CB82BA1-D3B8-4DD0-BC15-AB9E0143636A}"
EndProject
Project("{FAE04EC0-301F-11D3-BF4B-00C04F79EFBC}") = "Tyuiu.IvashkinaKE.Sprint4.Task4.V3", "Tyuiu.IvashkinaKE.Sprint4.Task4.V3\Tyuiu.IvashkinaKE.Sprint4.Task4.V3.csproj", "{EA207E63-7656-4085-AD66-8BFBECB4CB89}"
EndProject
Project("{FAE04EC0-301F-11D3-BF4B-00C04F79EFBC}") = "Tyuiu.IvashkinaKE.Sprint4.Task4.V3.Lib", "Tyuiu.IvashkinaKE.Sprint4.Task4.V3.Lib\Tyuiu.IvashkinaKE.Sprint4.Task4.V3.Lib.csproj", "{35259D5F-FB2F-4B34-903E-D39DCA1216C2}"
EndProject
Project("{FAE04EC0-301F-11D3-BF4B-00C04F79EFBC}") = "Tyuiu.IvashkinaKE.Sprint4.Task4.V3.Test", "Tyuiu.IvashkinaKE.Sprint4.Task4.V3.Test\Tyuiu.IvashkinaKE.Sprint4.Task4.V3.Test.csproj", "{5F15D38D-4E79-43BC-BCDF-1B2C358E27D2}"
EndProject
Global
	GlobalSection(SolutionConfigurationPlatforms) = preSolution
		Debug|Any CPU = Debug|Any CPU
		Release|Any CPU = Release|Any CPU
	EndGlobalSection
	GlobalSection(ProjectConfigurationPlatforms) = postSolution
		{BFEB7DA3-2C2C-4F73-90CD-171A2DDCC22B}.Debug|Any CPU.ActiveCfg = Debug|Any CPU
		{BFEB7DA3-2C2C-4F73-90CD-171A2DDCC22B}.Debug|Any CPU.Build.0 = Debug|Any CPU
		{BFEB7DA3-2C2C-4F73-90CD-171A2DDCC22B}.Release|Any CPU.ActiveCfg = Release|Any CPU
		{BFEB7DA3-2C2C-4F73-90CD-171A2DDCC22B}.Release|Any CPU.Build.0 = Release|Any CPU
		{783EA2F2-AD7C-4254-8039-68137D19BA2E}.Debug|Any CPU.ActiveCfg = Debug|Any CPU
		{783EA2F2-AD7C-4254-8039-68137D19BA2E}.Debug|Any CPU.Build.0 = Debug|Any CPU
		{783EA2F2-AD7C-4254-8039-68137D19BA2E}.Release|Any CPU.ActiveCfg = Release|Any CPU
		{783EA2F2-AD7C-4254-8039-68137D19BA2E}.Release|Any CPU.Build.0 = Release|Any CPU
		{9FFB261C-C418-4CDF-B183-A6CF2920CCB6}.Debug|Any CPU.ActiveCfg = Debug|Any CPU
		{9FFB261C-C418-4CDF-B183-A6CF2920CCB6}.Debug|Any CPU.Build.0 = Debug|Any CPU
		{9FFB261C-C418-4CDF-B183-A6CF2920CCB6}.Release|Any CPU.ActiveCfg = Release|Any CPU
		{9FFB261C-C418-4CDF-B183-A6CF2920CCB6}.Release|Any CPU.Build.0 = Release|Any CPU
		{1A19BC7B-FAC0-4088-8864-6AEBC3D8C09B}.Debug|Any CPU.ActiveCfg = Debug|Any CPU
		{1A19BC7B-FAC0-4088-8864-6AEBC3D8C09B}.Debug|Any CPU.Build.0 = Debug|Any CPU
		{1A19BC7B-FAC0-4088-8864-6AEBC3D8C09B}.Release|Any CPU.ActiveCfg = Release|Any CPU
		{1A19BC7B-FAC0-4088-8864-6AEBC3D8C09B}.Release|Any CPU.Build.0 = Release|Any CPU
		{263127E4-B3E6-4027-93EC-CECBFCC77431}.Debug|Any CPU.ActiveCfg = Debug|Any CPU
		{263127E4-B3E6-4027-93EC-CECBFCC77431}.Debug|Any CPU.Build.0 = Debug|Any CPU
		{263127E4-B3E6-4027-93EC-CECBFCC77431}.Release|Any CPU.ActiveCfg = Release|Any CPU
		{263127E4-B3E6-4027-93EC-CECBFCC77431}.Release|Any CPU.Build.0 = Release|Any CPU
		{EA023816-3CAF-4A4C-A5D3-02C9FD30D429}.Debug|Any CPU.ActiveCfg = Debug|Any CPU
		{EA023816-3CAF-4A4C-A5D3-02C9FD30D429}.Debug|Any CPU.Build.0 = Debug|Any CPU
		{EA023816-3CAF-4A4C-A5D3-02C9FD30D429}.Release|Any CPU.ActiveCfg = Release|Any CPU
		{EA023816-3CAF-4A4C-A5D3-02C9FD30D429}.Release|Any CPU.Build.0 = Release|Any CPU
		{529D8188-50DF-4B54-A8CC-E4917FD0A813}.Debug|Any CPU.ActiveCfg = Debug|Any CPU
		{529D8188-50DF-4B54-A8CC-E4917FD0A813}.Debug|Any CPU.Build.0 = Debug|Any CPU
		{529D8188-50DF-4B54-A8CC-E4917FD0A813}.Release|Any CPU.ActiveCfg = Release|Any CPU
		{529D8188-50DF-4B54-A8CC-E4917FD0A813}.Release|Any CPU.Build.0 = Release|Any CPU
		{84D86F5A-21F4-4158-BF94-C7E17A70885E}.Debug|Any CPU.ActiveCfg = Debug|Any CPU
		{84D86F5A-21F4-4158-BF94-C7E17A70885E}.Debug|Any CPU.Build.0 = Debug|Any CPU
		{84D86F5A-21F4-4158-BF94-C7E17A70885E}.Release|Any CPU.ActiveCfg = Release|Any CPU
		{84D86F5A-21F4-4158-BF94-C7E17A70885E}.Release|Any CPU.Build.0 = Release|Any CPU
		{3526751F-95F9-4F56-9346-EF86A21EDDAF}.Debug|Any CPU.ActiveCfg = Debug|Any CPU
		{3526751F-95F9-4F56-9346-EF86A21EDDAF}.Debug|Any CPU.Build.0 = Debug|Any CPU
		{3526751F-95F9-4F56-9346-EF86A21EDDAF}.Release|Any CPU.ActiveCfg = Release|Any CPU
		{3526751F-95F9-4F56-9346-EF86A21EDDAF}.Release|Any CPU.Build.0 = Release|Any CPU
		{8A6C2F1C-8E74-47B3-8328-58A8E4903A94}.Debug|Any CPU.ActiveCfg = Debug|Any CPU
		{8A6C2F1C-8E74-47B3-8328-58A8E4903A94}.Debug|Any CPU.Build.0 = Debug|Any CPU
		{8A6C2F1C-8E74-47B3-8328-58A8E4903A94}.Release|Any CPU.ActiveCfg = Release|Any CPU
		{8A6C2F1C-8E74-47B3-8328-58A8E4903A94}.Release|Any CPU.Build.0 = Release|Any CPU
		{427572B1-68D9-4BEC-AAFF-CC8412CDED57}.Debug|Any CPU.ActiveCfg = Debug|Any CPU
		{427572B1-68D9-4BEC-AAFF-CC8412CDED57}.Debug|Any CPU.Build.0 = Debug|Any CPU
		{427572B1-68D9-4BEC-AAFF-CC8412CDED57}.Release|Any CPU.ActiveCfg = Release|Any CPU
		{427572B1-68D9-4BEC-AAFF-CC8412CDED57}.Release|Any CPU.Build.0 = Release|Any CPU
		{7A322115-2AEE-47F5-980B-13B53DADFAF8}.Debug|Any CPU.ActiveCfg = Debug|Any CPU
		{7A322115-2AEE-47F5-980B-13B53DADFAF8}.Debug|Any CPU.Build.0 = Debug|Any CPU
		{7A322115-2AEE-47F5-980B-13B53DADFAF8}.Release|Any CPU.ActiveCfg = Release|Any CPU
		{7A322115-2AEE-47F5-980B-13B53DADFAF8}.Release|Any CPU.Build.0 = Release|Any CPU
		{EA207E63-7656-4085-AD66-8BFBECB4CB89}.Debug|Any CPU.ActiveCfg = Debug|Any CPU
		{EA207E63-7656-4085-AD66-8BFBECB4CB89}.Debug|Any CPU.Build.0 = Debug|Any CPU
		{EA207E63-7656-4085-AD66-8BFBECB4CB89}.Release|Any CPU.ActiveCfg = Release|Any CPU
		{EA207E63-7656-4085-AD66-8BFBECB4CB89}.Release|Any CPU.Build.0 = Release|Any CPU
		{35259D5F-FB2F-4B34-903E-D39DCA1216C2}.Debug|Any CPU.ActiveCfg = Debug|Any CPU
		{35259D5F-FB2F-4B34-903E-D39DCA1216C2}.Debug|Any CPU.Build.0 = Debug|Any CPU
		{35259D5F-FB2F-4B34-903E-D39DCA1216C2}.Release|Any CPU.ActiveCfg = Release|Any CPU
		{35259D5F-FB2F-4B34-903E-D39DCA1216C2}.Release|Any CPU.Build.0 = Release|Any CPU
		{5F15D38D-4E79-43BC-BCDF-1B2C358E27D2}.Debug|Any CPU.ActiveCfg = Debug|Any CPU
		{5F15D38D-4E79-43BC-BCDF-1B2C358E27D2}.Debug|Any CPU.Build.0 = Debug|Any CPU
		{5F15D38D-4E79-43BC-BCDF-1B2C358E27D2}.Release|Any CPU.ActiveCfg = Release|Any CPU
		{5F15D38D-4E79-43BC-BCDF-1B2C358E27D2}.Release|Any CPU.Build.0 = Release|Any CPU
	EndGlobalSection
	GlobalSection(SolutionProperties) = preSolution
		HideSolutionNode = FALSE
	EndGlobalSection
	GlobalSection(NestedProjects) = preSolution
		{BFEB7DA3-2C2C-4F73-90CD-171A2DDCC22B} = {1700D4CA-D02A-475B-860D-B7FC4DF4FF45}
		{783EA2F2-AD7C-4254-8039-68137D19BA2E} = {1700D4CA-D02A-475B-860D-B7FC4DF4FF45}
		{9FFB261C-C418-4CDF-B183-A6CF2920CCB6} = {1700D4CA-D02A-475B-860D-B7FC4DF4FF45}
		{1A19BC7B-FAC0-4088-8864-6AEBC3D8C09B} = {7C8C088C-CF19-4856-B6EF-F14FD4BED44E}
		{263127E4-B3E6-4027-93EC-CECBFCC77431} = {7C8C088C-CF19-4856-B6EF-F14FD4BED44E}
		{EA023816-3CAF-4A4C-A5D3-02C9FD30D429} = {7C8C088C-CF19-4856-B6EF-F14FD4BED44E}
		{529D8188-50DF-4B54-A8CC-E4917FD0A813} = {08F26E38-F39C-4572-B0B9-71A80FF1B395}
		{84D86F5A-21F4-4158-BF94-C7E17A70885E} = {08F26E38-F39C-4572-B0B9-71A80FF1B395}
		{3526751F-95F9-4F56-9346-EF86A21EDDAF} = {08F26E38-F39C-4572-B0B9-71A80FF1B395}
		{8A6C2F1C-8E74-47B3-8328-58A8E4903A94} = {620937A8-BE1B-4D38-9E6B-F22C7E468429}
		{427572B1-68D9-4BEC-AAFF-CC8412CDED57} = {620937A8-BE1B-4D38-9E6B-F22C7E468429}
		{7A322115-2AEE-47F5-980B-13B53DADFAF8} = {620937A8-BE1B-4D38-9E6B-F22C7E468429}
		{EA207E63-7656-4085-AD66-8BFBECB4CB89} = {7CB82BA1-D3B8-4DD0-BC15-AB9E0143636A}
		{35259D5F-FB2F-4B34-903E-D39DCA1216C2} = {7CB82BA1-D3B8-4DD0-BC15-AB9E0143636A}
		{5F15D38D-4E79-43BC-BCDF-1B2C358E27D2} = {7CB82BA1-D3B8-4DD0-BC15-AB9E0143636A}
	EndGlobalSection
	GlobalSection(ExtensibilityGlobals) = postSolution
		SolutionGuid = {A51C8CD6-F0E6-473B-B855-509BCCDE41E6}
	EndGlobalSection
EndGlobal
